# This file was autogenerated by Stack.
# You should not edit this file by hand.
# For more information, please see the documentation at:
#   https://docs.haskellstack.org/en/stable/lock_files

packages:
- completed:
    hackage: co-log-0.4.0.1@sha256:3d4c17f37693c80d1aa2c41669bc3438fac3e89dc5f479e57d79bc3ddc4dfcc5,5087
    pantry-tree:
      size: 1126
      sha256: e73165ff8f744709428e2e87984c9d60ca1cec43d8455c413181c7c466e7497c
  original:
    hackage: co-log-0.4.0.1
- completed:
    hackage: little-logger-0.3.2@sha256:d43c8bd581a267061bbff9a1ca4edbe5ea10a985b92140e653f5259621171ba3,2184
    pantry-tree:
      size: 518
      sha256: 9348cf53abb66ed580bccd9b1a2fbda14ee39b7041e1a4a7b77bb3463dc4e3b1
  original:
    hackage: little-logger-0.3.2
- completed:
    hackage: simple-parser-0.5.0@sha256:fb61fea0d08632aebf4da8937f1d1f17e84d6b52432096cd4034209546356072,3095
    pantry-tree:
      size: 1075
      sha256: d2e1be8d6ebbbb37280312b5f32203b70d235cb18d4513d6bc1e4ab4698d7805
  original:
    hackage: simple-parser-0.5.0
snapshots:
- completed:
    size: 585392
    url: https://raw.githubusercontent.com/commercialhaskell/stackage-snapshots/master/lts/18/2.yaml
    sha256: 7abb45c0cc5eb349448b66d8753655542d45d387ad26970419282eab3d860724
  original: lts-18.2
